
Microsoft Visual Studio Solution File, Format Version 12.00
# Visual Studio Version 16
VisualStudioVersion = 16.0.29911.84
MinimumVisualStudioVersion = 10.0.40219.1
Project("{FAE04EC0-301F-11D3-BF4B-00C04F79EFBC}") = "LB4", "LB4\LB4.csproj", "{821EEC0A-B36B-4DD0-9D08-3FC4F31EA779}"
EndProject
Global
	GlobalSection(SolutionConfigurationPlatforms) = preSolution
		Debug|Any CPU = Debug|Any CPU
		Release|Any CPU = Release|Any CPU
	EndGlobalSection
	GlobalSection(ProjectConfigurationPlatforms) = postSolution
		{821EEC0A-B36B-4DD0-9D08-3FC4F31EA779}.Debug|Any CPU.ActiveCfg = Debug|Any CPU
		{821EEC0A-B36B-4DD0-9D08-3FC4F31EA779}.Debug|Any CPU.Build.0 = Debug|Any CPU
		{821EEC0A-B36B-4DD0-9D08-3FC4F31EA779}.Release|Any CPU.ActiveCfg = Release|Any CPU
		{821EEC0A-B36B-4DD0-9D08-3FC4F31EA779}.Release|Any CPU.Build.0 = Release|Any CPU
	EndGlobalSection
	GlobalSection(SolutionProperties) = preSolution
		HideSolutionNode = FALSE
	EndGlobalSection
	GlobalSection(ExtensibilityGlobals) = postSolution
		SolutionGuid = {F2C08AF3-2821-4D1A-A4DC-7E66AD5874EF}
	EndGlobalSection
EndGlobal
